// !$*UTF8*$!
{
	archiveVersion = 1;
	classes = {
	};
	objectVersion = 50;
	objects = {

/* Begin PBXBuildFile section */
		12B5E99DC846F30064B0CFA6 /* AssetsUtils.swift in Sources */ = {isa = PBXBuildFile; fileRef = 9FA5EF606EF19DB27644BC08 /* AssetsUtils.swift */; };
		49C189E103F4853DA1232A1C /* Localized.swift in Sources */ = {isa = PBXBuildFile; fileRef = 75408B5A5202BB17DCCE0A3E /* Localized.swift */; };
		4E69A42812D85B53A5F31090 /* Localizable.strings in Resources */ = {isa = PBXBuildFile; fileRef = 5FEF97735E08549457213C85 /* Localizable.strings */; };
		711DAC54E50D16A8522C5978 /* InfoPlist.strings in Resources */ = {isa = PBXBuildFile; fileRef = 8C3CCDBDEC0C9DCC13A2EAEB /* InfoPlist.strings */; };
		8F8FFB7323BA438C00E2037D /* AppDelegate.swift in Sources */ = {isa = PBXBuildFile; fileRef = 8F8FFB7223BA438C00E2037D /* AppDelegate.swift */; };
		8F8FFB7523BA438C00E2037D /* SceneDelegate.swift in Sources */ = {isa = PBXBuildFile; fileRef = 8F8FFB7423BA438C00E2037D /* SceneDelegate.swift */; };
		8F8FFB7723BA438C00E2037D /* ViewController.swift in Sources */ = {isa = PBXBuildFile; fileRef = 8F8FFB7623BA438C00E2037D /* ViewController.swift */; };
		8F8FFB7A23BA438C00E2037D /* Main.storyboard in Resources */ = {isa = PBXBuildFile; fileRef = 8F8FFB7823BA438C00E2037D /* Main.storyboard */; };
		8F8FFB7C23BA439100E2037D /* Assets.xcassets in Resources */ = {isa = PBXBuildFile; fileRef = 8F8FFB7B23BA439100E2037D /* Assets.xcassets */; };
		8F8FFB7F23BA439100E2037D /* LaunchScreen.storyboard in Resources */ = {isa = PBXBuildFile; fileRef = 8F8FFB7D23BA439100E2037D /* LaunchScreen.storyboard */; };
/* End PBXBuildFile section */

/* Begin PBXFileReference section */
		0B836173C8A84A5D9096CEDC /* en */ = {isa = PBXFileReference; lastKnownFileType = text.plist.strings; name = en; path = en.lproj/Localizable.strings; sourceTree = "<group>"; };
		2C057251A104E8A287C05910 /* hello.png */ = {isa = PBXFileReference; lastKnownFileType = image.png; path = hello.png; sourceTree = "<group>"; };
		75408B5A5202BB17DCCE0A3E /* Localized.swift */ = {isa = PBXFileReference; lastKnownFileType = sourcecode.swift; path = Localized.swift; sourceTree = "<group>"; };
		79E4C64DEA85512205311446 /* ko */ = {isa = PBXFileReference; lastKnownFileType = text.plist.strings; name = ko; path = ko.lproj/Localizable.strings; sourceTree = "<group>"; };
		80D9D699E1907C6FD5DB140B /* ko */ = {isa = PBXFileReference; lastKnownFileType = text.plist.strings; name = ko; path = ko.lproj/InfoPlist.strings; sourceTree = "<group>"; };
		8F8FFB6F23BA438C00E2037D /* AwesomeProject.app */ = {isa = PBXFileReference; explicitFileType = wrapper.application; includeInIndex = 0; path = AwesomeProject.app; sourceTree = BUILT_PRODUCTS_DIR; };
		8F8FFB7223BA438C00E2037D /* AppDelegate.swift */ = {isa = PBXFileReference; lastKnownFileType = sourcecode.swift; path = AppDelegate.swift; sourceTree = "<group>"; };
		8F8FFB7423BA438C00E2037D /* SceneDelegate.swift */ = {isa = PBXFileReference; lastKnownFileType = sourcecode.swift; path = SceneDelegate.swift; sourceTree = "<group>"; };
		8F8FFB7623BA438C00E2037D /* ViewController.swift */ = {isa = PBXFileReference; lastKnownFileType = sourcecode.swift; path = ViewController.swift; sourceTree = "<group>"; };
		8F8FFB7923BA438C00E2037D /* Base */ = {isa = PBXFileReference; lastKnownFileType = file.storyboard; name = Base; path = Base.lproj/Main.storyboard; sourceTree = "<group>"; };
		8F8FFB7B23BA439100E2037D /* Assets.xcassets */ = {isa = PBXFileReference; lastKnownFileType = folder.assetcatalog; path = Assets.xcassets; sourceTree = "<group>"; };
		8F8FFB7E23BA439100E2037D /* Base */ = {isa = PBXFileReference; lastKnownFileType = file.storyboard; name = Base; path = Base.lproj/LaunchScreen.storyboard; sourceTree = "<group>"; };
		8F8FFB8023BA439100E2037D /* Info.plist */ = {isa = PBXFileReference; lastKnownFileType = text.plist.xml; path = Info.plist; sourceTree = "<group>"; };
		8F8FFB8623BA445400E2037D /* ko */ = {isa = PBXFileReference; lastKnownFileType = text.plist.strings; name = ko; path = ko.lproj/Main.strings; sourceTree = "<group>"; };
		9FA5EF606EF19DB27644BC08 /* AssetsUtils.swift */ = {isa = PBXFileReference; lastKnownFileType = sourcecode.swift; path = AssetsUtils.swift; sourceTree = "<group>"; };
		DAF1BB727BA0BDBA00058FFA /* en */ = {isa = PBXFileReference; lastKnownFileType = text.plist.strings; name = en; path = en.lproj/InfoPlist.strings; sourceTree = "<group>"; };
/* End PBXFileReference section */

/* Begin PBXFrameworksBuildPhase section */
		8F8FFB6C23BA438C00E2037D /* Frameworks */ = {
			isa = PBXFrameworksBuildPhase;
			buildActionMask = 2147483647;
			files = (
			);
			runOnlyForDeploymentPostprocessing = 0;
		};
/* End PBXFrameworksBuildPhase section */

/* Begin PBXGroup section */
		2ED82864A8F33E9FF7074B1F /* Resources */ = {
			isa = PBXGroup;
			children = (
				5FEF97735E08549457213C85 /* Localizable.strings */,
				8C3CCDBDEC0C9DCC13A2EAEB /* InfoPlist.strings */,
				FCECAEA144E10F65FB7A7CE4 /* LaunchScreen */,
			);
			path = Resources;
			sourceTree = "<group>";
		};
		75CD9E3B5350C9276F8ED32E /* HappyCodingSupport */ = {
			isa = PBXGroup;
			children = (
				9FA5EF606EF19DB27644BC08 /* AssetsUtils.swift */,
				75408B5A5202BB17DCCE0A3E /* Localized.swift */,
			);
			path = HappyCodingSupport;
			sourceTree = "<group>";
		};
		8F8FFB6623BA438C00E2037D = {
			isa = PBXGroup;
			children = (
				8F8FFB7123BA438C00E2037D /* AwesomeProject */,
				8F8FFB7023BA438C00E2037D /* Products */,
			);
			sourceTree = "<group>";
		};
		8F8FFB7023BA438C00E2037D /* Products */ = {
			isa = PBXGroup;
			children = (
				8F8FFB6F23BA438C00E2037D /* AwesomeProject.app */,
			);
			name = Products;
			sourceTree = "<group>";
		};
		8F8FFB7123BA438C00E2037D /* AwesomeProject */ = {
			isa = PBXGroup;
			children = (
				8F8FFB7223BA438C00E2037D /* AppDelegate.swift */,
				8F8FFB7423BA438C00E2037D /* SceneDelegate.swift */,
				8F8FFB7623BA438C00E2037D /* ViewController.swift */,
				8F8FFB7823BA438C00E2037D /* Main.storyboard */,
				8F8FFB7B23BA439100E2037D /* Assets.xcassets */,
				8F8FFB7D23BA439100E2037D /* LaunchScreen.storyboard */,
				8F8FFB8023BA439100E2037D /* Info.plist */,
				2ED82864A8F33E9FF7074B1F /* Resources */,
				75CD9E3B5350C9276F8ED32E /* HappyCodingSupport */,
			);
			path = AwesomeProject;
			sourceTree = "<group>";
		};
		FCECAEA144E10F65FB7A7CE4 /* LaunchScreen */ = {
			isa = PBXGroup;
			children = (
				2C057251A104E8A287C05910 /* hello.png */,
			);
			path = LaunchScreen;
			sourceTree = "<group>";
		};
/* End PBXGroup section */

/* Begin PBXNativeTarget section */
		8F8FFB6E23BA438C00E2037D /* AwesomeProject */ = {
			isa = PBXNativeTarget;
			buildConfigurationList = 8F8FFB8323BA439100E2037D /* Build configuration list for PBXNativeTarget "AwesomeProject" */;
			buildPhases = (
				8F8FFB6B23BA438C00E2037D /* Sources */,
				8F8FFB6C23BA438C00E2037D /* Frameworks */,
				8F8FFB6D23BA438C00E2037D /* Resources */,
			);
			buildRules = (
			);
			dependencies = (
			);
			name = AwesomeProject;
			productName = AwesomeProject;
			productReference = 8F8FFB6F23BA438C00E2037D /* AwesomeProject.app */;
			productType = "com.apple.product-type.application";
		};
/* End PBXNativeTarget section */

/* Begin PBXProject section */
		8F8FFB6723BA438C00E2037D /* Project object */ = {
			isa = PBXProject;
			attributes = {
				LastSwiftUpdateCheck = 1130;
				LastUpgradeCheck = 1130;
				ORGANIZATIONNAME = happycoding;
				TargetAttributes = {
					8F8FFB6E23BA438C00E2037D = {
						CreatedOnToolsVersion = 11.3;
					};
				};
			};
			buildConfigurationList = 8F8FFB6A23BA438C00E2037D /* Build configuration list for PBXProject "AwesomeProject" */;
			compatibilityVersion = "Xcode 9.3";
			developmentRegion = en;
			hasScannedForEncodings = 0;
			knownRegions = (
				en,
				Base,
				ko,
			);
			mainGroup = 8F8FFB6623BA438C00E2037D;
			productRefGroup = 8F8FFB7023BA438C00E2037D /* Products */;
			projectDirPath = "";
			projectRoot = "";
			targets = (
				8F8FFB6E23BA438C00E2037D /* AwesomeProject */,
			);
		};
/* End PBXProject section */

/* Begin PBXResourcesBuildPhase section */
		8F8FFB6D23BA438C00E2037D /* Resources */ = {
			isa = PBXResourcesBuildPhase;
			buildActionMask = 2147483647;
			files = (
				8F8FFB7F23BA439100E2037D /* LaunchScreen.storyboard in Resources */,
				8F8FFB7C23BA439100E2037D /* Assets.xcassets in Resources */,
				8F8FFB7A23BA438C00E2037D /* Main.storyboard in Resources */,
				4E69A42812D85B53A5F31090 /* Localizable.strings in Resources */,
				711DAC54E50D16A8522C5978 /* InfoPlist.strings in Resources */,
			);
			runOnlyForDeploymentPostprocessing = 0;
		};
/* End PBXResourcesBuildPhase section */

/* Begin PBXSourcesBuildPhase section */
		8F8FFB6B23BA438C00E2037D /* Sources */ = {
			isa = PBXSourcesBuildPhase;
			buildActionMask = 2147483647;
			files = (
				8F8FFB7723BA438C00E2037D /* ViewController.swift in Sources */,
				8F8FFB7323BA438C00E2037D /* AppDelegate.swift in Sources */,
				8F8FFB7523BA438C00E2037D /* SceneDelegate.swift in Sources */,
				12B5E99DC846F30064B0CFA6 /* AssetsUtils.swift in Sources */,
				49C189E103F4853DA1232A1C /* Localized.swift in Sources */,
			);
			runOnlyForDeploymentPostprocessing = 0;
		};
/* End PBXSourcesBuildPhase section */

/* Begin PBXVariantGroup section */
		5FEF97735E08549457213C85 /* Localizable.strings */ = {
			isa = PBXVariantGroup;
			children = (
				0B836173C8A84A5D9096CEDC /* en */,
				79E4C64DEA85512205311446 /* ko */,
			);
			name = Localizable.strings;
			sourceTree = "<group>";
		};
		8C3CCDBDEC0C9DCC13A2EAEB /* InfoPlist.strings */ = {
			isa = PBXVariantGroup;
			children = (
				DAF1BB727BA0BDBA00058FFA /* en */,
				80D9D699E1907C6FD5DB140B /* ko */,
			);
			name = InfoPlist.strings;
			sourceTree = "<group>";
		};
		8F8FFB7823BA438C00E2037D /* Main.storyboard */ = {
			isa = PBXVariantGroup;
			children = (
				8F8FFB7923BA438C00E2037D /* Base */,
				8F8FFB8623BA445400E2037D /* ko */,
			);
			name = Main.storyboard;
			sourceTree = "<group>";
		};
		8F8FFB7D23BA439100E2037D /* LaunchScreen.storyboard */ = {
			isa = PBXVariantGroup;
			children = (
				8F8FFB7E23BA439100E2037D /* Base */,
			);
			name = LaunchScreen.storyboard;
			sourceTree = "<group>";
		};
/* End PBXVariantGroup section */

/* Begin XCBuildConfiguration section */
		8F8FFB8123BA439100E2037D /* Debug */ = {
			isa = XCBuildConfiguration;
			buildSettings = {
				ALWAYS_SEARCH_USER_PATHS = NO;
				CLANG_ANALYZER_LOCALIZABILITY_NONLOCALIZED = YES;
				CLANG_ANALYZER_NONNULL = YES;
				CLANG_ANALYZER_NUMBER_OBJECT_CONVERSION = YES_AGGRESSIVE;
				CLANG_CXX_LANGUAGE_STANDARD = "gnu++14";
				CLANG_CXX_LIBRARY = "libc++";
				CLANG_ENABLE_MODULES = YES;
				CLANG_ENABLE_OBJC_ARC = YES;
				CLANG_ENABLE_OBJC_WEAK = YES;
				CLANG_WARN_BLOCK_CAPTURE_AUTORELEASING = YES;
				CLANG_WARN_BOOL_CONVERSION = YES;
				CLANG_WARN_COMMA = YES;
				CLANG_WARN_CONSTANT_CONVERSION = YES;
				CLANG_WARN_DEPRECATED_OBJC_IMPLEMENTATIONS = YES;
				CLANG_WARN_DIRECT_OBJC_ISA_USAGE = YES_ERROR;
				CLANG_WARN_DOCUMENTATION_COMMENTS = YES;
				CLANG_WARN_EMPTY_BODY = YES;
				CLANG_WARN_ENUM_CONVERSION = YES;
				CLANG_WARN_INFINITE_RECURSION = YES;
				CLANG_WARN_INT_CONVERSION = YES;
				CLANG_WARN_NON_LITERAL_NULL_CONVERSION = YES;
				CLANG_WARN_OBJC_IMPLICIT_RETAIN_SELF = YES;
				CLANG_WARN_OBJC_LITERAL_CONVERSION = YES;
				CLANG_WARN_OBJC_ROOT_CLASS = YES_ERROR;
				CLANG_WARN_RANGE_LOOP_ANALYSIS = YES;
				CLANG_WARN_STRICT_PROTOTYPES = YES;
				CLANG_WARN_SUSPICIOUS_MOVE = YES;
				CLANG_WARN_UNGUARDED_AVAILABILITY = YES_AGGRESSIVE;
				CLANG_WARN_UNREACHABLE_CODE = YES;
				CLANG_WARN__DUPLICATE_METHOD_MATCH = YES;
				COPY_PHASE_STRIP = NO;
				DEBUG_INFORMATION_FORMAT = dwarf;
				ENABLE_STRICT_OBJC_MSGSEND = YES;
				ENABLE_TESTABILITY = YES;
				GCC_C_LANGUAGE_STANDARD = gnu11;
				GCC_DYNAMIC_NO_PIC = NO;
				GCC_NO_COMMON_BLOCKS = YES;
				GCC_OPTIMIZATION_LEVEL = 0;
				GCC_PREPROCESSOR_DEFINITIONS = (
					"DEBUG=1",
					"$(inherited)",
				);
				GCC_WARN_64_TO_32_BIT_CONVERSION = YES;
				GCC_WARN_ABOUT_RETURN_TYPE = YES_ERROR;
				GCC_WARN_UNDECLARED_SELECTOR = YES;
				GCC_WARN_UNINITIALIZED_AUTOS = YES_AGGRESSIVE;
				GCC_WARN_UNUSED_FUNCTION = YES;
				GCC_WARN_UNUSED_VARIABLE = YES;
				IPHONEOS_DEPLOYMENT_TARGET = 13.2;
				MTL_ENABLE_DEBUG_INFO = INCLUDE_SOURCE;
				MTL_FAST_MATH = YES;
				ONLY_ACTIVE_ARCH = YES;
				SDKROOT = iphoneos;
				SWIFT_ACTIVE_COMPILATION_CONDITIONS = DEBUG;
				SWIFT_OPTIMIZATION_LEVEL = "-Onone";
			};
			name = Debug;
		};
		8F8FFB8223BA439100E2037D /* Release */ = {
			isa = XCBuildConfiguration;
			buildSettings = {
				ALWAYS_SEARCH_USER_PATHS = NO;
				CLANG_ANALYZER_LOCALIZABILITY_NONLOCALIZED = YES;
				CLANG_ANALYZER_NONNULL = YES;
				CLANG_ANALYZER_NUMBER_OBJECT_CONVERSION = YES_AGGRESSIVE;
				CLANG_CXX_LANGUAGE_STANDARD = "gnu++14";
				CLANG_CXX_LIBRARY = "libc++";
				CLANG_ENABLE_MODULES = YES;
				CLANG_ENABLE_OBJC_ARC = YES;
				CLANG_ENABLE_OBJC_WEAK = YES;
				CLANG_WARN_BLOCK_CAPTURE_AUTORELEASING = YES;
				CLANG_WARN_BOOL_CONVERSION = YES;
				CLANG_WARN_COMMA = YES;
				CLANG_WARN_CONSTANT_CONVERSION = YES;
				CLANG_WARN_DEPRECATED_OBJC_IMPLEMENTATIONS = YES;
				CLANG_WARN_DIRECT_OBJC_ISA_USAGE = YES_ERROR;
				CLANG_WARN_DOCUMENTATION_COMMENTS = YES;
				CLANG_WARN_EMPTY_BODY = YES;
				CLANG_WARN_ENUM_CONVERSION = YES;
				CLANG_WARN_INFINITE_RECURSION = YES;
				CLANG_WARN_INT_CONVERSION = YES;
				CLANG_WARN_NON_LITERAL_NULL_CONVERSION = YES;
				CLANG_WARN_OBJC_IMPLICIT_RETAIN_SELF = YES;
				CLANG_WARN_OBJC_LITERAL_CONVERSION = YES;
				CLANG_WARN_OBJC_ROOT_CLASS = YES_ERROR;
				CLANG_WARN_RANGE_LOOP_ANALYSIS = YES;
				CLANG_WARN_STRICT_PROTOTYPES = YES;
				CLANG_WARN_SUSPICIOUS_MOVE = YES;
				CLANG_WARN_UNGUARDED_AVAILABILITY = YES_AGGRESSIVE;
				CLANG_WARN_UNREACHABLE_CODE = YES;
				CLANG_WARN__DUPLICATE_METHOD_MATCH = YES;
				COPY_PHASE_STRIP = NO;
				DEBUG_INFORMATION_FORMAT = "dwarf-with-dsym";
				ENABLE_NS_ASSERTIONS = NO;
				ENABLE_STRICT_OBJC_MSGSEND = YES;
				GCC_C_LANGUAGE_STANDARD = gnu11;
				GCC_NO_COMMON_BLOCKS = YES;
				GCC_WARN_64_TO_32_BIT_CONVERSION = YES;
				GCC_WARN_ABOUT_RETURN_TYPE = YES_ERROR;
				GCC_WARN_UNDECLARED_SELECTOR = YES;
				GCC_WARN_UNINITIALIZED_AUTOS = YES_AGGRESSIVE;
				GCC_WARN_UNUSED_FUNCTION = YES;
				GCC_WARN_UNUSED_VARIABLE = YES;
				IPHONEOS_DEPLOYMENT_TARGET = 13.2;
				MTL_ENABLE_DEBUG_INFO = NO;
				MTL_FAST_MATH = YES;
				SDKROOT = iphoneos;
				SWIFT_COMPILATION_MODE = wholemodule;
				SWIFT_OPTIMIZATION_LEVEL = "-O";
				VALIDATE_PRODUCT = YES;
			};
			name = Release;
		};
		8F8FFB8423BA439100E2037D /* Debug */ = {
			isa = XCBuildConfiguration;
			buildSettings = {
				ASSETCATALOG_COMPILER_APPICON_NAME = AppIcon;
				CODE_SIGN_STYLE = Automatic;
				INFOPLIST_FILE = AwesomeProject/Info.plist;
				LD_RUNPATH_SEARCH_PATHS = (
					"$(inherited)",
					"@executable_path/Frameworks",
				);
				PRODUCT_BUNDLE_IDENTIFIER = app.happycoding.demo.AwesomeProject;
				PRODUCT_NAME = "$(TARGET_NAME)";
				SWIFT_VERSION = 5.0;
				TARGETED_DEVICE_FAMILY = "1,2";
			};
			name = Debug;
		};
		8F8FFB8523BA439100E2037D /* Release */ = {
			isa = XCBuildConfiguration;
			buildSettings = {
				ASSETCATALOG_COMPILER_APPICON_NAME = AppIcon;
				CODE_SIGN_STYLE = Automatic;
				INFOPLIST_FILE = AwesomeProject/Info.plist;
				LD_RUNPATH_SEARCH_PATHS = (
					"$(inherited)",
					"@executable_path/Frameworks",
				);
				PRODUCT_BUNDLE_IDENTIFIER = app.happycoding.demo.AwesomeProject;
				PRODUCT_NAME = "$(TARGET_NAME)";
				SWIFT_VERSION = 5.0;
				TARGETED_DEVICE_FAMILY = "1,2";
			};
			name = Release;
		};
/* End XCBuildConfiguration section */

/* Begin XCConfigurationList section */
		8F8FFB6A23BA438C00E2037D /* Build configuration list for PBXProject "AwesomeProject" */ = {
			isa = XCConfigurationList;
			buildConfigurations = (
				8F8FFB8123BA439100E2037D /* Debug */,
				8F8FFB8223BA439100E2037D /* Release */,
			);
			defaultConfigurationIsVisible = 0;
			defaultConfigurationName = Release;
		};
		8F8FFB8323BA439100E2037D /* Build configuration list for PBXNativeTarget "AwesomeProject" */ = {
			isa = XCConfigurationList;
			buildConfigurations = (
				8F8FFB8423BA439100E2037D /* Debug */,
				8F8FFB8523BA439100E2037D /* Release */,
			);
			defaultConfigurationIsVisible = 0;
			defaultConfigurationName = Release;
		};
/* End XCConfigurationList section */
	};
	rootObject = 8F8FFB6723BA438C00E2037D /* Project object */;
}
