// !$*UTF8*$!
{
	archiveVersion = 1;
	classes = {
	};
	objectVersion = 50;
	objects = {

/* Begin PBXBuildFile section */
		F49AD26225D3EBDA001336CF /* main.cpp in Sources */ = {isa = PBXBuildFile; fileRef = F49AD26125D3EBDA001336CF /* main.cpp */; };
/* End PBXBuildFile section */

/* Begin PBXContainerItemProxy section */
		F42D8AF925D48FF2005921DC /* PBXContainerItemProxy */ = {
			isa = PBXContainerItemProxy;
			containerPortal = F42D8AF425D48FF1005921DC /* SortWithTree.xcodeproj */;
			proxyType = 2;
			remoteGlobalIDString = F42D8AEA25D48FF1005921DC;
			remoteInfo = SortWithTree;
		};
		F49AD28025D40498001336CF /* PBXContainerItemProxy */ = {
			isa = PBXContainerItemProxy;
			containerPortal = F49AD27C25D40497001336CF /* CommonCharCount.xcodeproj */;
			proxyType = 2;
			remoteGlobalIDString = F49AD27225D40497001336CF;
			remoteInfo = CommonCharCount;
		};
/* End PBXContainerItemProxy section */

/* Begin PBXCopyFilesBuildPhase section */
		F49AD25C25D3EBDA001336CF /* CopyFiles */ = {
			isa = PBXCopyFilesBuildPhase;
			buildActionMask = 2147483647;
			dstPath = /usr/share/man/man1/;
			dstSubfolderSpec = 0;
			files = (
			);
			runOnlyForDeploymentPostprocessing = 1;
		};
/* End PBXCopyFilesBuildPhase section */

/* Begin PBXFileReference section */
		F42D8AF425D48FF1005921DC /* SortWithTree.xcodeproj */ = {isa = PBXFileReference; lastKnownFileType = "wrapper.pb-project"; name = SortWithTree.xcodeproj; path = ../../SortWithTree/SortWithTree.xcodeproj; sourceTree = "<group>"; };
		F49AD25E25D3EBDA001336CF /* LongestStrsVector */ = {isa = PBXFileReference; explicitFileType = "compiled.mach-o.executable"; includeInIndex = 0; path = LongestStrsVector; sourceTree = BUILT_PRODUCTS_DIR; };
		F49AD26125D3EBDA001336CF /* main.cpp */ = {isa = PBXFileReference; lastKnownFileType = sourcecode.cpp.cpp; path = main.cpp; sourceTree = "<group>"; };
		F49AD27C25D40497001336CF /* CommonCharCount.xcodeproj */ = {isa = PBXFileReference; lastKnownFileType = "wrapper.pb-project"; name = CommonCharCount.xcodeproj; path = ../../CommonCharCount/CommonCharCount.xcodeproj; sourceTree = "<group>"; };
/* End PBXFileReference section */

/* Begin PBXFrameworksBuildPhase section */
		F49AD25B25D3EBDA001336CF /* Frameworks */ = {
			isa = PBXFrameworksBuildPhase;
			buildActionMask = 2147483647;
			files = (
			);
			runOnlyForDeploymentPostprocessing = 0;
		};
/* End PBXFrameworksBuildPhase section */

/* Begin PBXGroup section */
		F42D8AF525D48FF1005921DC /* Products */ = {
			isa = PBXGroup;
			children = (
				F42D8AFA25D48FF2005921DC /* SortWithTree */,
			);
			name = Products;
			sourceTree = "<group>";
		};
		F49AD25525D3EBDA001336CF = {
			isa = PBXGroup;
			children = (
				F49AD26025D3EBDA001336CF /* LongestStrsVector */,
				F49AD25F25D3EBDA001336CF /* Products */,
			);
			sourceTree = "<group>";
		};
		F49AD25F25D3EBDA001336CF /* Products */ = {
			isa = PBXGroup;
			children = (
				F49AD25E25D3EBDA001336CF /* LongestStrsVector */,
			);
			name = Products;
			sourceTree = "<group>";
		};
		F49AD26025D3EBDA001336CF /* LongestStrsVector */ = {
			isa = PBXGroup;
			children = (
				F42D8AF425D48FF1005921DC /* SortWithTree.xcodeproj */,
				F49AD27C25D40497001336CF /* CommonCharCount.xcodeproj */,
				F49AD26125D3EBDA001336CF /* main.cpp */,
			);
			path = LongestStrsVector;
			sourceTree = "<group>";
		};
		F49AD27D25D40497001336CF /* Products */ = {
			isa = PBXGroup;
			children = (
				F49AD28125D40498001336CF /* CommonCharCount */,
			);
			name = Products;
			sourceTree = "<group>";
		};
/* End PBXGroup section */

/* Begin PBXNativeTarget section */
		F49AD25D25D3EBDA001336CF /* LongestStrsVector */ = {
			isa = PBXNativeTarget;
			buildConfigurationList = F49AD26525D3EBDA001336CF /* Build configuration list for PBXNativeTarget "LongestStrsVector" */;
			buildPhases = (
				F49AD25A25D3EBDA001336CF /* Sources */,
				F49AD25B25D3EBDA001336CF /* Frameworks */,
				F49AD25C25D3EBDA001336CF /* CopyFiles */,
			);
			buildRules = (
			);
			dependencies = (
			);
			name = LongestStrsVector;
			productName = LongestStrsVector;
			productReference = F49AD25E25D3EBDA001336CF /* LongestStrsVector */;
			productType = "com.apple.product-type.tool";
		};
/* End PBXNativeTarget section */

/* Begin PBXProject section */
		F49AD25625D3EBDA001336CF /* Project object */ = {
			isa = PBXProject;
			attributes = {
				LastUpgradeCheck = 1230;
				TargetAttributes = {
					F49AD25D25D3EBDA001336CF = {
						CreatedOnToolsVersion = 12.3;
					};
				};
			};
			buildConfigurationList = F49AD25925D3EBDA001336CF /* Build configuration list for PBXProject "LongestStrsVector" */;
			compatibilityVersion = "Xcode 9.3";
			developmentRegion = en;
			hasScannedForEncodings = 0;
			knownRegions = (
				en,
				Base,
			);
			mainGroup = F49AD25525D3EBDA001336CF;
			productRefGroup = F49AD25F25D3EBDA001336CF /* Products */;
			projectDirPath = "";
			projectReferences = (
				{
					ProductGroup = F49AD27D25D40497001336CF /* Products */;
					ProjectRef = F49AD27C25D40497001336CF /* CommonCharCount.xcodeproj */;
				},
				{
					ProductGroup = F42D8AF525D48FF1005921DC /* Products */;
					ProjectRef = F42D8AF425D48FF1005921DC /* SortWithTree.xcodeproj */;
				},
			);
			projectRoot = "";
			targets = (
				F49AD25D25D3EBDA001336CF /* LongestStrsVector */,
			);
		};
/* End PBXProject section */

/* Begin PBXReferenceProxy section */
		F42D8AFA25D48FF2005921DC /* SortWithTree */ = {
			isa = PBXReferenceProxy;
			fileType = "compiled.mach-o.executable";
			path = SortWithTree;
			remoteRef = F42D8AF925D48FF2005921DC /* PBXContainerItemProxy */;
			sourceTree = BUILT_PRODUCTS_DIR;
		};
		F49AD28125D40498001336CF /* CommonCharCount */ = {
			isa = PBXReferenceProxy;
			fileType = "compiled.mach-o.executable";
			path = CommonCharCount;
			remoteRef = F49AD28025D40498001336CF /* PBXContainerItemProxy */;
			sourceTree = BUILT_PRODUCTS_DIR;
		};
/* End PBXReferenceProxy section */

/* Begin PBXSourcesBuildPhase section */
		F49AD25A25D3EBDA001336CF /* Sources */ = {
			isa = PBXSourcesBuildPhase;
			buildActionMask = 2147483647;
			files = (
				F49AD26225D3EBDA001336CF /* main.cpp in Sources */,
			);
			runOnlyForDeploymentPostprocessing = 0;
		};
/* End PBXSourcesBuildPhase section */

/* Begin XCBuildConfiguration section */
		F49AD26325D3EBDA001336CF /* Debug */ = {
			isa = XCBuildConfiguration;
			buildSettings = {
				ALWAYS_SEARCH_USER_PATHS = NO;
				CLANG_ANALYZER_NONNULL = YES;
				CLANG_ANALYZER_NUMBER_OBJECT_CONVERSION = YES_AGGRESSIVE;
				CLANG_CXX_LANGUAGE_STANDARD = "gnu++14";
				CLANG_CXX_LIBRARY = "libc++";
				CLANG_ENABLE_MODULES = YES;
				CLANG_ENABLE_OBJC_ARC = YES;
				CLANG_ENABLE_OBJC_WEAK = YES;
				CLANG_WARN_BLOCK_CAPTURE_AUTORELEASING = YES;
				CLANG_WARN_BOOL_CONVERSION = YES;
				CLANG_WARN_COMMA = YES;
				CLANG_WARN_CONSTANT_CONVERSION = YES;
				CLANG_WARN_DEPRECATED_OBJC_IMPLEMENTATIONS = YES;
				CLANG_WARN_DIRECT_OBJC_ISA_USAGE = YES_ERROR;
				CLANG_WARN_DOCUMENTATION_COMMENTS = YES;
				CLANG_WARN_EMPTY_BODY = YES;
				CLANG_WARN_ENUM_CONVERSION = YES;
				CLANG_WARN_INFINITE_RECURSION = YES;
				CLANG_WARN_INT_CONVERSION = YES;
				CLANG_WARN_NON_LITERAL_NULL_CONVERSION = YES;
				CLANG_WARN_OBJC_IMPLICIT_RETAIN_SELF = YES;
				CLANG_WARN_OBJC_LITERAL_CONVERSION = YES;
				CLANG_WARN_OBJC_ROOT_CLASS = YES_ERROR;
				CLANG_WARN_QUOTED_INCLUDE_IN_FRAMEWORK_HEADER = YES;
				CLANG_WARN_RANGE_LOOP_ANALYSIS = YES;
				CLANG_WARN_STRICT_PROTOTYPES = YES;
				CLANG_WARN_SUSPICIOUS_MOVE = YES;
				CLANG_WARN_UNGUARDED_AVAILABILITY = YES_AGGRESSIVE;
				CLANG_WARN_UNREACHABLE_CODE = YES;
				CLANG_WARN__DUPLICATE_METHOD_MATCH = YES;
				COPY_PHASE_STRIP = NO;
				DEBUG_INFORMATION_FORMAT = dwarf;
				ENABLE_STRICT_OBJC_MSGSEND = YES;
				ENABLE_TESTABILITY = YES;
				GCC_C_LANGUAGE_STANDARD = gnu11;
				GCC_DYNAMIC_NO_PIC = NO;
				GCC_NO_COMMON_BLOCKS = YES;
				GCC_OPTIMIZATION_LEVEL = 0;
				GCC_PREPROCESSOR_DEFINITIONS = (
					"DEBUG=1",
					"$(inherited)",
				);
				GCC_WARN_64_TO_32_BIT_CONVERSION = YES;
				GCC_WARN_ABOUT_RETURN_TYPE = YES_ERROR;
				GCC_WARN_UNDECLARED_SELECTOR = YES;
				GCC_WARN_UNINITIALIZED_AUTOS = YES_AGGRESSIVE;
				GCC_WARN_UNUSED_FUNCTION = YES;
				GCC_WARN_UNUSED_VARIABLE = YES;
				MACOSX_DEPLOYMENT_TARGET = 10.15;
				MTL_ENABLE_DEBUG_INFO = INCLUDE_SOURCE;
				MTL_FAST_MATH = YES;
				ONLY_ACTIVE_ARCH = YES;
				SDKROOT = macosx;
			};
			name = Debug;
		};
		F49AD26425D3EBDA001336CF /* Release */ = {
			isa = XCBuildConfiguration;
			buildSettings = {
				ALWAYS_SEARCH_USER_PATHS = NO;
				CLANG_ANALYZER_NONNULL = YES;
				CLANG_ANALYZER_NUMBER_OBJECT_CONVERSION = YES_AGGRESSIVE;
				CLANG_CXX_LANGUAGE_STANDARD = "gnu++14";
				CLANG_CXX_LIBRARY = "libc++";
				CLANG_ENABLE_MODULES = YES;
				CLANG_ENABLE_OBJC_ARC = YES;
				CLANG_ENABLE_OBJC_WEAK = YES;
				CLANG_WARN_BLOCK_CAPTURE_AUTORELEASING = YES;
				CLANG_WARN_BOOL_CONVERSION = YES;
				CLANG_WARN_COMMA = YES;
				CLANG_WARN_CONSTANT_CONVERSION = YES;
				CLANG_WARN_DEPRECATED_OBJC_IMPLEMENTATIONS = YES;
				CLANG_WARN_DIRECT_OBJC_ISA_USAGE = YES_ERROR;
				CLANG_WARN_DOCUMENTATION_COMMENTS = YES;
				CLANG_WARN_EMPTY_BODY = YES;
				CLANG_WARN_ENUM_CONVERSION = YES;
				CLANG_WARN_INFINITE_RECURSION = YES;
				CLANG_WARN_INT_CONVERSION = YES;
				CLANG_WARN_NON_LITERAL_NULL_CONVERSION = YES;
				CLANG_WARN_OBJC_IMPLICIT_RETAIN_SELF = YES;
				CLANG_WARN_OBJC_LITERAL_CONVERSION = YES;
				CLANG_WARN_OBJC_ROOT_CLASS = YES_ERROR;
				CLANG_WARN_QUOTED_INCLUDE_IN_FRAMEWORK_HEADER = YES;
				CLANG_WARN_RANGE_LOOP_ANALYSIS = YES;
				CLANG_WARN_STRICT_PROTOTYPES = YES;
				CLANG_WARN_SUSPICIOUS_MOVE = YES;
				CLANG_WARN_UNGUARDED_AVAILABILITY = YES_AGGRESSIVE;
				CLANG_WARN_UNREACHABLE_CODE = YES;
				CLANG_WARN__DUPLICATE_METHOD_MATCH = YES;
				COPY_PHASE_STRIP = NO;
				DEBUG_INFORMATION_FORMAT = "dwarf-with-dsym";
				ENABLE_NS_ASSERTIONS = NO;
				ENABLE_STRICT_OBJC_MSGSEND = YES;
				GCC_C_LANGUAGE_STANDARD = gnu11;
				GCC_NO_COMMON_BLOCKS = YES;
				GCC_WARN_64_TO_32_BIT_CONVERSION = YES;
				GCC_WARN_ABOUT_RETURN_TYPE = YES_ERROR;
				GCC_WARN_UNDECLARED_SELECTOR = YES;
				GCC_WARN_UNINITIALIZED_AUTOS = YES_AGGRESSIVE;
				GCC_WARN_UNUSED_FUNCTION = YES;
				GCC_WARN_UNUSED_VARIABLE = YES;
				MACOSX_DEPLOYMENT_TARGET = 10.15;
				MTL_ENABLE_DEBUG_INFO = NO;
				MTL_FAST_MATH = YES;
				SDKROOT = macosx;
			};
			name = Release;
		};
		F49AD26625D3EBDA001336CF /* Debug */ = {
			isa = XCBuildConfiguration;
			buildSettings = {
				CODE_SIGN_STYLE = Automatic;
				PRODUCT_NAME = "$(TARGET_NAME)";
			};
			name = Debug;
		};
		F49AD26725D3EBDA001336CF /* Release */ = {
			isa = XCBuildConfiguration;
			buildSettings = {
				CODE_SIGN_STYLE = Automatic;
				PRODUCT_NAME = "$(TARGET_NAME)";
			};
			name = Release;
		};
/* End XCBuildConfiguration section */

/* Begin XCConfigurationList section */
		F49AD25925D3EBDA001336CF /* Build configuration list for PBXProject "LongestStrsVector" */ = {
			isa = XCConfigurationList;
			buildConfigurations = (
				F49AD26325D3EBDA001336CF /* Debug */,
				F49AD26425D3EBDA001336CF /* Release */,
			);
			defaultConfigurationIsVisible = 0;
			defaultConfigurationName = Release;
		};
		F49AD26525D3EBDA001336CF /* Build configuration list for PBXNativeTarget "LongestStrsVector" */ = {
			isa = XCConfigurationList;
			buildConfigurations = (
				F49AD26625D3EBDA001336CF /* Debug */,
				F49AD26725D3EBDA001336CF /* Release */,
			);
			defaultConfigurationIsVisible = 0;
			defaultConfigurationName = Release;
		};
/* End XCConfigurationList section */
	};
	rootObject = F49AD25625D3EBDA001336CF /* Project object */;
}
