// !$*UTF8*$!
{
	archiveVersion = 1;
	classes = {
	};
	objectVersion = 50;
	objects = {

/* Begin PBXBuildFile section */
		F43E91AA25B590B400C59068 /* main.cpp in Sources */ = {isa = PBXBuildFile; fileRef = F43E91A925B590B400C59068 /* main.cpp */; };
		F43E91D625BA078300C59068 /* Wireless.cpp in Sources */ = {isa = PBXBuildFile; fileRef = F43E91D425BA078300C59068 /* Wireless.cpp */; };
/* End PBXBuildFile section */

/* Begin PBXContainerItemProxy section */
		F4A6792E25C97492006293AA /* PBXContainerItemProxy */ = {
			isa = PBXContainerItemProxy;
			containerPortal = F4A6792A25C97491006293AA /* Techgig_Test.xcodeproj */;
			proxyType = 2;
			remoteGlobalIDString = F4A6792025C97491006293AA;
			remoteInfo = Techgig_Test;
		};
/* End PBXContainerItemProxy section */

/* Begin PBXCopyFilesBuildPhase section */
		F43E91A425B590B400C59068 /* CopyFiles */ = {
			isa = PBXCopyFilesBuildPhase;
			buildActionMask = 2147483647;
			dstPath = /usr/share/man/man1/;
			dstSubfolderSpec = 0;
			files = (
			);
			runOnlyForDeploymentPostprocessing = 1;
		};
/* End PBXCopyFilesBuildPhase section */

/* Begin PBXFileReference section */
		F43E91A625B590B400C59068 /* myInheritance */ = {isa = PBXFileReference; explicitFileType = "compiled.mach-o.executable"; includeInIndex = 0; path = myInheritance; sourceTree = BUILT_PRODUCTS_DIR; };
		F43E91A925B590B400C59068 /* main.cpp */ = {isa = PBXFileReference; lastKnownFileType = sourcecode.cpp.cpp; path = main.cpp; sourceTree = "<group>"; };
		F43E91B525B5997300C59068 /* Animal.h */ = {isa = PBXFileReference; lastKnownFileType = sourcecode.c.h; path = Animal.h; sourceTree = "<group>"; };
		F43E91D425BA078300C59068 /* Wireless.cpp */ = {isa = PBXFileReference; lastKnownFileType = sourcecode.cpp.cpp; path = Wireless.cpp; sourceTree = "<group>"; };
		F43E91D525BA078300C59068 /* Wireless.hpp */ = {isa = PBXFileReference; lastKnownFileType = sourcecode.cpp.h; path = Wireless.hpp; sourceTree = "<group>"; };
		F4A6792A25C97491006293AA /* Techgig_Test.xcodeproj */ = {isa = PBXFileReference; lastKnownFileType = "wrapper.pb-project"; name = Techgig_Test.xcodeproj; path = ../../Techgig_Test/Techgig_Test.xcodeproj; sourceTree = "<group>"; };
/* End PBXFileReference section */

/* Begin PBXFrameworksBuildPhase section */
		F43E91A325B590B400C59068 /* Frameworks */ = {
			isa = PBXFrameworksBuildPhase;
			buildActionMask = 2147483647;
			files = (
			);
			runOnlyForDeploymentPostprocessing = 0;
		};
/* End PBXFrameworksBuildPhase section */

/* Begin PBXGroup section */
		F43E919D25B590B400C59068 = {
			isa = PBXGroup;
			children = (
				F43E91A825B590B400C59068 /* myInheritance */,
				F43E91A725B590B400C59068 /* Products */,
			);
			sourceTree = "<group>";
		};
		F43E91A725B590B400C59068 /* Products */ = {
			isa = PBXGroup;
			children = (
				F43E91A625B590B400C59068 /* myInheritance */,
			);
			name = Products;
			sourceTree = "<group>";
		};
		F43E91A825B590B400C59068 /* myInheritance */ = {
			isa = PBXGroup;
			children = (
				F4A6792A25C97491006293AA /* Techgig_Test.xcodeproj */,
				F43E91A925B590B400C59068 /* main.cpp */,
				F43E91B525B5997300C59068 /* Animal.h */,
				F43E91D425BA078300C59068 /* Wireless.cpp */,
				F43E91D525BA078300C59068 /* Wireless.hpp */,
			);
			path = myInheritance;
			sourceTree = "<group>";
		};
		F4A6792B25C97491006293AA /* Products */ = {
			isa = PBXGroup;
			children = (
				F4A6792F25C97492006293AA /* Techgig_Test */,
			);
			name = Products;
			sourceTree = "<group>";
		};
/* End PBXGroup section */

/* Begin PBXNativeTarget section */
		F43E91A525B590B400C59068 /* myInheritance */ = {
			isa = PBXNativeTarget;
			buildConfigurationList = F43E91AD25B590B400C59068 /* Build configuration list for PBXNativeTarget "myInheritance" */;
			buildPhases = (
				F43E91A225B590B400C59068 /* Sources */,
				F43E91A325B590B400C59068 /* Frameworks */,
				F43E91A425B590B400C59068 /* CopyFiles */,
			);
			buildRules = (
			);
			dependencies = (
			);
			name = myInheritance;
			productName = myInheritance;
			productReference = F43E91A625B590B400C59068 /* myInheritance */;
			productType = "com.apple.product-type.tool";
		};
/* End PBXNativeTarget section */

/* Begin PBXProject section */
		F43E919E25B590B400C59068 /* Project object */ = {
			isa = PBXProject;
			attributes = {
				LastUpgradeCheck = 1230;
				TargetAttributes = {
					F43E91A525B590B400C59068 = {
						CreatedOnToolsVersion = 12.3;
					};
				};
			};
			buildConfigurationList = F43E91A125B590B400C59068 /* Build configuration list for PBXProject "myInheritance" */;
			compatibilityVersion = "Xcode 9.3";
			developmentRegion = en;
			hasScannedForEncodings = 0;
			knownRegions = (
				en,
				Base,
			);
			mainGroup = F43E919D25B590B400C59068;
			productRefGroup = F43E91A725B590B400C59068 /* Products */;
			projectDirPath = "";
			projectReferences = (
				{
					ProductGroup = F4A6792B25C97491006293AA /* Products */;
					ProjectRef = F4A6792A25C97491006293AA /* Techgig_Test.xcodeproj */;
				},
			);
			projectRoot = "";
			targets = (
				F43E91A525B590B400C59068 /* myInheritance */,
			);
		};
/* End PBXProject section */

/* Begin PBXReferenceProxy section */
		F4A6792F25C97492006293AA /* Techgig_Test */ = {
			isa = PBXReferenceProxy;
			fileType = "compiled.mach-o.executable";
			path = Techgig_Test;
			remoteRef = F4A6792E25C97492006293AA /* PBXContainerItemProxy */;
			sourceTree = BUILT_PRODUCTS_DIR;
		};
/* End PBXReferenceProxy section */

/* Begin PBXSourcesBuildPhase section */
		F43E91A225B590B400C59068 /* Sources */ = {
			isa = PBXSourcesBuildPhase;
			buildActionMask = 2147483647;
			files = (
				F43E91AA25B590B400C59068 /* main.cpp in Sources */,
				F43E91D625BA078300C59068 /* Wireless.cpp in Sources */,
			);
			runOnlyForDeploymentPostprocessing = 0;
		};
/* End PBXSourcesBuildPhase section */

/* Begin XCBuildConfiguration section */
		F43E91AB25B590B400C59068 /* Debug */ = {
			isa = XCBuildConfiguration;
			buildSettings = {
				ALWAYS_SEARCH_USER_PATHS = NO;
				CLANG_ANALYZER_NONNULL = YES;
				CLANG_ANALYZER_NUMBER_OBJECT_CONVERSION = YES_AGGRESSIVE;
				CLANG_CXX_LANGUAGE_STANDARD = "gnu++14";
				CLANG_CXX_LIBRARY = "libc++";
				CLANG_ENABLE_MODULES = YES;
				CLANG_ENABLE_OBJC_ARC = YES;
				CLANG_ENABLE_OBJC_WEAK = YES;
				CLANG_WARN_BLOCK_CAPTURE_AUTORELEASING = YES;
				CLANG_WARN_BOOL_CONVERSION = YES;
				CLANG_WARN_COMMA = YES;
				CLANG_WARN_CONSTANT_CONVERSION = YES;
				CLANG_WARN_DEPRECATED_OBJC_IMPLEMENTATIONS = YES;
				CLANG_WARN_DIRECT_OBJC_ISA_USAGE = YES_ERROR;
				CLANG_WARN_DOCUMENTATION_COMMENTS = YES;
				CLANG_WARN_EMPTY_BODY = YES;
				CLANG_WARN_ENUM_CONVERSION = YES;
				CLANG_WARN_INFINITE_RECURSION = YES;
				CLANG_WARN_INT_CONVERSION = YES;
				CLANG_WARN_NON_LITERAL_NULL_CONVERSION = YES;
				CLANG_WARN_OBJC_IMPLICIT_RETAIN_SELF = YES;
				CLANG_WARN_OBJC_LITERAL_CONVERSION = YES;
				CLANG_WARN_OBJC_ROOT_CLASS = YES_ERROR;
				CLANG_WARN_QUOTED_INCLUDE_IN_FRAMEWORK_HEADER = YES;
				CLANG_WARN_RANGE_LOOP_ANALYSIS = YES;
				CLANG_WARN_STRICT_PROTOTYPES = YES;
				CLANG_WARN_SUSPICIOUS_MOVE = YES;
				CLANG_WARN_UNGUARDED_AVAILABILITY = YES_AGGRESSIVE;
				CLANG_WARN_UNREACHABLE_CODE = YES;
				CLANG_WARN__DUPLICATE_METHOD_MATCH = YES;
				COPY_PHASE_STRIP = NO;
				DEBUG_INFORMATION_FORMAT = dwarf;
				ENABLE_STRICT_OBJC_MSGSEND = YES;
				ENABLE_TESTABILITY = YES;
				GCC_C_LANGUAGE_STANDARD = gnu11;
				GCC_DYNAMIC_NO_PIC = NO;
				GCC_NO_COMMON_BLOCKS = YES;
				GCC_OPTIMIZATION_LEVEL = 0;
				GCC_PREPROCESSOR_DEFINITIONS = (
					"DEBUG=1",
					"$(inherited)",
				);
				GCC_WARN_64_TO_32_BIT_CONVERSION = YES;
				GCC_WARN_ABOUT_RETURN_TYPE = YES_ERROR;
				GCC_WARN_UNDECLARED_SELECTOR = YES;
				GCC_WARN_UNINITIALIZED_AUTOS = YES_AGGRESSIVE;
				GCC_WARN_UNUSED_FUNCTION = YES;
				GCC_WARN_UNUSED_VARIABLE = YES;
				MACOSX_DEPLOYMENT_TARGET = 10.15;
				MTL_ENABLE_DEBUG_INFO = INCLUDE_SOURCE;
				MTL_FAST_MATH = YES;
				ONLY_ACTIVE_ARCH = YES;
				SDKROOT = macosx;
			};
			name = Debug;
		};
		F43E91AC25B590B400C59068 /* Release */ = {
			isa = XCBuildConfiguration;
			buildSettings = {
				ALWAYS_SEARCH_USER_PATHS = NO;
				CLANG_ANALYZER_NONNULL = YES;
				CLANG_ANALYZER_NUMBER_OBJECT_CONVERSION = YES_AGGRESSIVE;
				CLANG_CXX_LANGUAGE_STANDARD = "gnu++14";
				CLANG_CXX_LIBRARY = "libc++";
				CLANG_ENABLE_MODULES = YES;
				CLANG_ENABLE_OBJC_ARC = YES;
				CLANG_ENABLE_OBJC_WEAK = YES;
				CLANG_WARN_BLOCK_CAPTURE_AUTORELEASING = YES;
				CLANG_WARN_BOOL_CONVERSION = YES;
				CLANG_WARN_COMMA = YES;
				CLANG_WARN_CONSTANT_CONVERSION = YES;
				CLANG_WARN_DEPRECATED_OBJC_IMPLEMENTATIONS = YES;
				CLANG_WARN_DIRECT_OBJC_ISA_USAGE = YES_ERROR;
				CLANG_WARN_DOCUMENTATION_COMMENTS = YES;
				CLANG_WARN_EMPTY_BODY = YES;
				CLANG_WARN_ENUM_CONVERSION = YES;
				CLANG_WARN_INFINITE_RECURSION = YES;
				CLANG_WARN_INT_CONVERSION = YES;
				CLANG_WARN_NON_LITERAL_NULL_CONVERSION = YES;
				CLANG_WARN_OBJC_IMPLICIT_RETAIN_SELF = YES;
				CLANG_WARN_OBJC_LITERAL_CONVERSION = YES;
				CLANG_WARN_OBJC_ROOT_CLASS = YES_ERROR;
				CLANG_WARN_QUOTED_INCLUDE_IN_FRAMEWORK_HEADER = YES;
				CLANG_WARN_RANGE_LOOP_ANALYSIS = YES;
				CLANG_WARN_STRICT_PROTOTYPES = YES;
				CLANG_WARN_SUSPICIOUS_MOVE = YES;
				CLANG_WARN_UNGUARDED_AVAILABILITY = YES_AGGRESSIVE;
				CLANG_WARN_UNREACHABLE_CODE = YES;
				CLANG_WARN__DUPLICATE_METHOD_MATCH = YES;
				COPY_PHASE_STRIP = NO;
				DEBUG_INFORMATION_FORMAT = "dwarf-with-dsym";
				ENABLE_NS_ASSERTIONS = NO;
				ENABLE_STRICT_OBJC_MSGSEND = YES;
				GCC_C_LANGUAGE_STANDARD = gnu11;
				GCC_NO_COMMON_BLOCKS = YES;
				GCC_WARN_64_TO_32_BIT_CONVERSION = YES;
				GCC_WARN_ABOUT_RETURN_TYPE = YES_ERROR;
				GCC_WARN_UNDECLARED_SELECTOR = YES;
				GCC_WARN_UNINITIALIZED_AUTOS = YES_AGGRESSIVE;
				GCC_WARN_UNUSED_FUNCTION = YES;
				GCC_WARN_UNUSED_VARIABLE = YES;
				MACOSX_DEPLOYMENT_TARGET = 10.15;
				MTL_ENABLE_DEBUG_INFO = NO;
				MTL_FAST_MATH = YES;
				SDKROOT = macosx;
			};
			name = Release;
		};
		F43E91AE25B590B400C59068 /* Debug */ = {
			isa = XCBuildConfiguration;
			buildSettings = {
				CODE_SIGN_STYLE = Automatic;
				PRODUCT_NAME = "$(TARGET_NAME)";
			};
			name = Debug;
		};
		F43E91AF25B590B400C59068 /* Release */ = {
			isa = XCBuildConfiguration;
			buildSettings = {
				CODE_SIGN_STYLE = Automatic;
				PRODUCT_NAME = "$(TARGET_NAME)";
			};
			name = Release;
		};
/* End XCBuildConfiguration section */

/* Begin XCConfigurationList section */
		F43E91A125B590B400C59068 /* Build configuration list for PBXProject "myInheritance" */ = {
			isa = XCConfigurationList;
			buildConfigurations = (
				F43E91AB25B590B400C59068 /* Debug */,
				F43E91AC25B590B400C59068 /* Release */,
			);
			defaultConfigurationIsVisible = 0;
			defaultConfigurationName = Release;
		};
		F43E91AD25B590B400C59068 /* Build configuration list for PBXNativeTarget "myInheritance" */ = {
			isa = XCConfigurationList;
			buildConfigurations = (
				F43E91AE25B590B400C59068 /* Debug */,
				F43E91AF25B590B400C59068 /* Release */,
			);
			defaultConfigurationIsVisible = 0;
			defaultConfigurationName = Release;
		};
/* End XCConfigurationList section */
	};
	rootObject = F43E919E25B590B400C59068 /* Project object */;
}
