// !$*UTF8*$!
{
	archiveVersion = 1;
	classes = {
	};
	objectVersion = 50;
	objects = {

/* Begin PBXBuildFile section */
		F4196237258BEA5400CE0A92 /* main.cpp in Sources */ = {isa = PBXBuildFile; fileRef = F4196236258BEA5400CE0A92 /* main.cpp */; };
/* End PBXBuildFile section */

/* Begin PBXContainerItemProxy section */
		F4196271258D20A500CE0A92 /* PBXContainerItemProxy */ = {
			isa = PBXContainerItemProxy;
			containerPortal = F419626D258D20A300CE0A92 /* Thread_mutex.xcodeproj */;
			proxyType = 2;
			remoteGlobalIDString = F4196263258D20A300CE0A92;
			remoteInfo = Thread_mutex;
		};
		F4C5D30525A89FE900D0B215 /* PBXContainerItemProxy */ = {
			isa = PBXContainerItemProxy;
			containerPortal = F4196251258CB88A00CE0A92 /* thread_CountingSequence.xcodeproj */;
			proxyType = 2;
			remoteGlobalIDString = F4196247258CB88A00CE0A92;
			remoteInfo = thread_CountingSequence;
		};
/* End PBXContainerItemProxy section */

/* Begin PBXCopyFilesBuildPhase section */
		F4196231258BEA5400CE0A92 /* CopyFiles */ = {
			isa = PBXCopyFilesBuildPhase;
			buildActionMask = 2147483647;
			dstPath = /usr/share/man/man1/;
			dstSubfolderSpec = 0;
			files = (
			);
			runOnlyForDeploymentPostprocessing = 1;
		};
/* End PBXCopyFilesBuildPhase section */

/* Begin PBXFileReference section */
		F4196233258BEA5400CE0A92 /* ThreadTest */ = {isa = PBXFileReference; explicitFileType = "compiled.mach-o.executable"; includeInIndex = 0; path = ThreadTest; sourceTree = BUILT_PRODUCTS_DIR; };
		F4196236258BEA5400CE0A92 /* main.cpp */ = {isa = PBXFileReference; lastKnownFileType = sourcecode.cpp.cpp; path = main.cpp; sourceTree = "<group>"; };
		F4196251258CB88A00CE0A92 /* thread_CountingSequence.xcodeproj */ = {isa = PBXFileReference; lastKnownFileType = "wrapper.pb-project"; name = thread_CountingSequence.xcodeproj; path = ../thread_CountingSequence/thread_CountingSequence.xcodeproj; sourceTree = "<group>"; };
		F419626D258D20A300CE0A92 /* Thread_mutex.xcodeproj */ = {isa = PBXFileReference; lastKnownFileType = "wrapper.pb-project"; name = Thread_mutex.xcodeproj; path = ../Thread_mutex/Thread_mutex.xcodeproj; sourceTree = "<group>"; };
/* End PBXFileReference section */

/* Begin PBXFrameworksBuildPhase section */
		F4196230258BEA5400CE0A92 /* Frameworks */ = {
			isa = PBXFrameworksBuildPhase;
			buildActionMask = 2147483647;
			files = (
			);
			runOnlyForDeploymentPostprocessing = 0;
		};
/* End PBXFrameworksBuildPhase section */

/* Begin PBXGroup section */
		F419622A258BEA5400CE0A92 = {
			isa = PBXGroup;
			children = (
				F419626D258D20A300CE0A92 /* Thread_mutex.xcodeproj */,
				F4196251258CB88A00CE0A92 /* thread_CountingSequence.xcodeproj */,
				F4196235258BEA5400CE0A92 /* ThreadTest */,
				F4196234258BEA5400CE0A92 /* Products */,
			);
			sourceTree = "<group>";
		};
		F4196234258BEA5400CE0A92 /* Products */ = {
			isa = PBXGroup;
			children = (
				F4196233258BEA5400CE0A92 /* ThreadTest */,
			);
			name = Products;
			sourceTree = "<group>";
		};
		F4196235258BEA5400CE0A92 /* ThreadTest */ = {
			isa = PBXGroup;
			children = (
				F4196236258BEA5400CE0A92 /* main.cpp */,
			);
			path = ThreadTest;
			sourceTree = "<group>";
		};
		F419626E258D20A300CE0A92 /* Products */ = {
			isa = PBXGroup;
			children = (
				F4196272258D20A500CE0A92 /* Thread_mutex */,
			);
			name = Products;
			sourceTree = "<group>";
		};
		F4C5D30225A89FE900D0B215 /* Products */ = {
			isa = PBXGroup;
			children = (
				F4C5D30625A89FE900D0B215 /* thread_CountingSequence */,
			);
			name = Products;
			sourceTree = "<group>";
		};
/* End PBXGroup section */

/* Begin PBXNativeTarget section */
		F4196232258BEA5400CE0A92 /* ThreadTest */ = {
			isa = PBXNativeTarget;
			buildConfigurationList = F419623A258BEA5400CE0A92 /* Build configuration list for PBXNativeTarget "ThreadTest" */;
			buildPhases = (
				F419622F258BEA5400CE0A92 /* Sources */,
				F4196230258BEA5400CE0A92 /* Frameworks */,
				F4196231258BEA5400CE0A92 /* CopyFiles */,
			);
			buildRules = (
			);
			dependencies = (
			);
			name = ThreadTest;
			productName = ThreadTest;
			productReference = F4196233258BEA5400CE0A92 /* ThreadTest */;
			productType = "com.apple.product-type.tool";
		};
/* End PBXNativeTarget section */

/* Begin PBXProject section */
		F419622B258BEA5400CE0A92 /* Project object */ = {
			isa = PBXProject;
			attributes = {
				LastUpgradeCheck = 1230;
				TargetAttributes = {
					F4196232258BEA5400CE0A92 = {
						CreatedOnToolsVersion = 12.3;
					};
				};
			};
			buildConfigurationList = F419622E258BEA5400CE0A92 /* Build configuration list for PBXProject "ThreadTest" */;
			compatibilityVersion = "Xcode 9.3";
			developmentRegion = en;
			hasScannedForEncodings = 0;
			knownRegions = (
				en,
				Base,
			);
			mainGroup = F419622A258BEA5400CE0A92;
			productRefGroup = F4196234258BEA5400CE0A92 /* Products */;
			projectDirPath = "";
			projectReferences = (
				{
					ProductGroup = F4C5D30225A89FE900D0B215 /* Products */;
					ProjectRef = F4196251258CB88A00CE0A92 /* thread_CountingSequence.xcodeproj */;
				},
				{
					ProductGroup = F419626E258D20A300CE0A92 /* Products */;
					ProjectRef = F419626D258D20A300CE0A92 /* Thread_mutex.xcodeproj */;
				},
			);
			projectRoot = "";
			targets = (
				F4196232258BEA5400CE0A92 /* ThreadTest */,
			);
		};
/* End PBXProject section */

/* Begin PBXReferenceProxy section */
		F4196272258D20A500CE0A92 /* Thread_mutex */ = {
			isa = PBXReferenceProxy;
			fileType = "compiled.mach-o.executable";
			path = Thread_mutex;
			remoteRef = F4196271258D20A500CE0A92 /* PBXContainerItemProxy */;
			sourceTree = BUILT_PRODUCTS_DIR;
		};
		F4C5D30625A89FE900D0B215 /* thread_CountingSequence */ = {
			isa = PBXReferenceProxy;
			fileType = "compiled.mach-o.executable";
			path = thread_CountingSequence;
			remoteRef = F4C5D30525A89FE900D0B215 /* PBXContainerItemProxy */;
			sourceTree = BUILT_PRODUCTS_DIR;
		};
/* End PBXReferenceProxy section */

/* Begin PBXSourcesBuildPhase section */
		F419622F258BEA5400CE0A92 /* Sources */ = {
			isa = PBXSourcesBuildPhase;
			buildActionMask = 2147483647;
			files = (
				F4196237258BEA5400CE0A92 /* main.cpp in Sources */,
			);
			runOnlyForDeploymentPostprocessing = 0;
		};
/* End PBXSourcesBuildPhase section */

/* Begin XCBuildConfiguration section */
		F4196238258BEA5400CE0A92 /* Debug */ = {
			isa = XCBuildConfiguration;
			buildSettings = {
				ALWAYS_SEARCH_USER_PATHS = NO;
				CLANG_ANALYZER_NONNULL = YES;
				CLANG_ANALYZER_NUMBER_OBJECT_CONVERSION = YES_AGGRESSIVE;
				CLANG_CXX_LANGUAGE_STANDARD = "gnu++14";
				CLANG_CXX_LIBRARY = "libc++";
				CLANG_ENABLE_MODULES = YES;
				CLANG_ENABLE_OBJC_ARC = YES;
				CLANG_ENABLE_OBJC_WEAK = YES;
				CLANG_WARN_BLOCK_CAPTURE_AUTORELEASING = YES;
				CLANG_WARN_BOOL_CONVERSION = YES;
				CLANG_WARN_COMMA = YES;
				CLANG_WARN_CONSTANT_CONVERSION = YES;
				CLANG_WARN_DEPRECATED_OBJC_IMPLEMENTATIONS = YES;
				CLANG_WARN_DIRECT_OBJC_ISA_USAGE = YES_ERROR;
				CLANG_WARN_DOCUMENTATION_COMMENTS = YES;
				CLANG_WARN_EMPTY_BODY = YES;
				CLANG_WARN_ENUM_CONVERSION = YES;
				CLANG_WARN_INFINITE_RECURSION = YES;
				CLANG_WARN_INT_CONVERSION = YES;
				CLANG_WARN_NON_LITERAL_NULL_CONVERSION = YES;
				CLANG_WARN_OBJC_IMPLICIT_RETAIN_SELF = YES;
				CLANG_WARN_OBJC_LITERAL_CONVERSION = YES;
				CLANG_WARN_OBJC_ROOT_CLASS = YES_ERROR;
				CLANG_WARN_QUOTED_INCLUDE_IN_FRAMEWORK_HEADER = YES;
				CLANG_WARN_RANGE_LOOP_ANALYSIS = YES;
				CLANG_WARN_STRICT_PROTOTYPES = YES;
				CLANG_WARN_SUSPICIOUS_MOVE = YES;
				CLANG_WARN_UNGUARDED_AVAILABILITY = YES_AGGRESSIVE;
				CLANG_WARN_UNREACHABLE_CODE = YES;
				CLANG_WARN__DUPLICATE_METHOD_MATCH = YES;
				COPY_PHASE_STRIP = NO;
				DEBUG_INFORMATION_FORMAT = dwarf;
				ENABLE_STRICT_OBJC_MSGSEND = YES;
				ENABLE_TESTABILITY = YES;
				GCC_C_LANGUAGE_STANDARD = gnu11;
				GCC_DYNAMIC_NO_PIC = NO;
				GCC_NO_COMMON_BLOCKS = YES;
				GCC_OPTIMIZATION_LEVEL = 0;
				GCC_PREPROCESSOR_DEFINITIONS = (
					"DEBUG=1",
					"$(inherited)",
				);
				GCC_WARN_64_TO_32_BIT_CONVERSION = YES;
				GCC_WARN_ABOUT_RETURN_TYPE = YES_ERROR;
				GCC_WARN_UNDECLARED_SELECTOR = YES;
				GCC_WARN_UNINITIALIZED_AUTOS = YES_AGGRESSIVE;
				GCC_WARN_UNUSED_FUNCTION = YES;
				GCC_WARN_UNUSED_VARIABLE = YES;
				MACOSX_DEPLOYMENT_TARGET = 10.15;
				MTL_ENABLE_DEBUG_INFO = INCLUDE_SOURCE;
				MTL_FAST_MATH = YES;
				ONLY_ACTIVE_ARCH = YES;
				SDKROOT = macosx;
			};
			name = Debug;
		};
		F4196239258BEA5400CE0A92 /* Release */ = {
			isa = XCBuildConfiguration;
			buildSettings = {
				ALWAYS_SEARCH_USER_PATHS = NO;
				CLANG_ANALYZER_NONNULL = YES;
				CLANG_ANALYZER_NUMBER_OBJECT_CONVERSION = YES_AGGRESSIVE;
				CLANG_CXX_LANGUAGE_STANDARD = "gnu++14";
				CLANG_CXX_LIBRARY = "libc++";
				CLANG_ENABLE_MODULES = YES;
				CLANG_ENABLE_OBJC_ARC = YES;
				CLANG_ENABLE_OBJC_WEAK = YES;
				CLANG_WARN_BLOCK_CAPTURE_AUTORELEASING = YES;
				CLANG_WARN_BOOL_CONVERSION = YES;
				CLANG_WARN_COMMA = YES;
				CLANG_WARN_CONSTANT_CONVERSION = YES;
				CLANG_WARN_DEPRECATED_OBJC_IMPLEMENTATIONS = YES;
				CLANG_WARN_DIRECT_OBJC_ISA_USAGE = YES_ERROR;
				CLANG_WARN_DOCUMENTATION_COMMENTS = YES;
				CLANG_WARN_EMPTY_BODY = YES;
				CLANG_WARN_ENUM_CONVERSION = YES;
				CLANG_WARN_INFINITE_RECURSION = YES;
				CLANG_WARN_INT_CONVERSION = YES;
				CLANG_WARN_NON_LITERAL_NULL_CONVERSION = YES;
				CLANG_WARN_OBJC_IMPLICIT_RETAIN_SELF = YES;
				CLANG_WARN_OBJC_LITERAL_CONVERSION = YES;
				CLANG_WARN_OBJC_ROOT_CLASS = YES_ERROR;
				CLANG_WARN_QUOTED_INCLUDE_IN_FRAMEWORK_HEADER = YES;
				CLANG_WARN_RANGE_LOOP_ANALYSIS = YES;
				CLANG_WARN_STRICT_PROTOTYPES = YES;
				CLANG_WARN_SUSPICIOUS_MOVE = YES;
				CLANG_WARN_UNGUARDED_AVAILABILITY = YES_AGGRESSIVE;
				CLANG_WARN_UNREACHABLE_CODE = YES;
				CLANG_WARN__DUPLICATE_METHOD_MATCH = YES;
				COPY_PHASE_STRIP = NO;
				DEBUG_INFORMATION_FORMAT = "dwarf-with-dsym";
				ENABLE_NS_ASSERTIONS = NO;
				ENABLE_STRICT_OBJC_MSGSEND = YES;
				GCC_C_LANGUAGE_STANDARD = gnu11;
				GCC_NO_COMMON_BLOCKS = YES;
				GCC_WARN_64_TO_32_BIT_CONVERSION = YES;
				GCC_WARN_ABOUT_RETURN_TYPE = YES_ERROR;
				GCC_WARN_UNDECLARED_SELECTOR = YES;
				GCC_WARN_UNINITIALIZED_AUTOS = YES_AGGRESSIVE;
				GCC_WARN_UNUSED_FUNCTION = YES;
				GCC_WARN_UNUSED_VARIABLE = YES;
				MACOSX_DEPLOYMENT_TARGET = 10.15;
				MTL_ENABLE_DEBUG_INFO = NO;
				MTL_FAST_MATH = YES;
				SDKROOT = macosx;
			};
			name = Release;
		};
		F419623B258BEA5400CE0A92 /* Debug */ = {
			isa = XCBuildConfiguration;
			buildSettings = {
				CODE_SIGN_STYLE = Automatic;
				PRODUCT_NAME = "$(TARGET_NAME)";
			};
			name = Debug;
		};
		F419623C258BEA5400CE0A92 /* Release */ = {
			isa = XCBuildConfiguration;
			buildSettings = {
				CODE_SIGN_STYLE = Automatic;
				PRODUCT_NAME = "$(TARGET_NAME)";
			};
			name = Release;
		};
/* End XCBuildConfiguration section */

/* Begin XCConfigurationList section */
		F419622E258BEA5400CE0A92 /* Build configuration list for PBXProject "ThreadTest" */ = {
			isa = XCConfigurationList;
			buildConfigurations = (
				F4196238258BEA5400CE0A92 /* Debug */,
				F4196239258BEA5400CE0A92 /* Release */,
			);
			defaultConfigurationIsVisible = 0;
			defaultConfigurationName = Release;
		};
		F419623A258BEA5400CE0A92 /* Build configuration list for PBXNativeTarget "ThreadTest" */ = {
			isa = XCConfigurationList;
			buildConfigurations = (
				F419623B258BEA5400CE0A92 /* Debug */,
				F419623C258BEA5400CE0A92 /* Release */,
			);
			defaultConfigurationIsVisible = 0;
			defaultConfigurationName = Release;
		};
/* End XCConfigurationList section */
	};
	rootObject = F419622B258BEA5400CE0A92 /* Project object */;
}
