// !$*UTF8*$!
{
	archiveVersion = 1;
	classes = {
	};
	objectVersion = 50;
	objects = {

/* Begin PBXBuildFile section */
		F4B40BEE2583545000FD1967 /* main.cpp in Sources */ = {isa = PBXBuildFile; fileRef = F4B40BED2583545000FD1967 /* main.cpp */; };
		F4B40C292583F1BB00FD1967 /* Utilities.xcodeproj in Frameworks */ = {isa = PBXBuildFile; fileRef = F4B40C102583EF9100FD1967 /* Utilities.xcodeproj */; };
/* End PBXBuildFile section */

/* Begin PBXContainerItemProxy section */
		F4B40C142583EF9100FD1967 /* PBXContainerItemProxy */ = {
			isa = PBXContainerItemProxy;
			containerPortal = F4B40C102583EF9100FD1967 /* Utilities.xcodeproj */;
			proxyType = 2;
			remoteGlobalIDString = F429601A25711D3400B10288;
			remoteInfo = Utilities;
		};
		F4B40C1C2583F0C300FD1967 /* PBXContainerItemProxy */ = {
			isa = PBXContainerItemProxy;
			containerPortal = F4B40C182583F0C300FD1967 /* LinkedList.xcodeproj */;
			proxyType = 2;
			remoteGlobalIDString = F47C3EA8257E4D2E0043A400;
			remoteInfo = LinkedList;
		};
/* End PBXContainerItemProxy section */

/* Begin PBXCopyFilesBuildPhase section */
		F4B40BE82583545000FD1967 /* CopyFiles */ = {
			isa = PBXCopyFilesBuildPhase;
			buildActionMask = 2147483647;
			dstPath = /usr/share/man/man1/;
			dstSubfolderSpec = 0;
			files = (
			);
			runOnlyForDeploymentPostprocessing = 1;
		};
/* End PBXCopyFilesBuildPhase section */

/* Begin PBXFileReference section */
		F4B40BEA2583545000FD1967 /* Graph */ = {isa = PBXFileReference; explicitFileType = "compiled.mach-o.executable"; includeInIndex = 0; path = Graph; sourceTree = BUILT_PRODUCTS_DIR; };
		F4B40BED2583545000FD1967 /* main.cpp */ = {isa = PBXFileReference; lastKnownFileType = sourcecode.cpp.cpp; path = main.cpp; sourceTree = "<group>"; };
		F4B40C102583EF9100FD1967 /* Utilities.xcodeproj */ = {isa = PBXFileReference; lastKnownFileType = "wrapper.pb-project"; name = Utilities.xcodeproj; path = ../../Utilities/Utilities.xcodeproj; sourceTree = "<group>"; };
		F4B40C182583F0C300FD1967 /* LinkedList.xcodeproj */ = {isa = PBXFileReference; lastKnownFileType = "wrapper.pb-project"; name = LinkedList.xcodeproj; path = ../LinkedList/LinkedList.xcodeproj; sourceTree = "<group>"; };
/* End PBXFileReference section */

/* Begin PBXFrameworksBuildPhase section */
		F4B40BE72583545000FD1967 /* Frameworks */ = {
			isa = PBXFrameworksBuildPhase;
			buildActionMask = 2147483647;
			files = (
				F4B40C292583F1BB00FD1967 /* Utilities.xcodeproj in Frameworks */,
			);
			runOnlyForDeploymentPostprocessing = 0;
		};
/* End PBXFrameworksBuildPhase section */

/* Begin PBXGroup section */
		F4B40BE12583545000FD1967 = {
			isa = PBXGroup;
			children = (
				F4B40BEC2583545000FD1967 /* Graph */,
				F4B40BEB2583545000FD1967 /* Products */,
				F4B40C182583F0C300FD1967 /* LinkedList.xcodeproj */,
				F4B40C0F2583EF9100FD1967 /* Frameworks */,
			);
			sourceTree = "<group>";
		};
		F4B40BEB2583545000FD1967 /* Products */ = {
			isa = PBXGroup;
			children = (
				F4B40BEA2583545000FD1967 /* Graph */,
			);
			name = Products;
			sourceTree = "<group>";
		};
		F4B40BEC2583545000FD1967 /* Graph */ = {
			isa = PBXGroup;
			children = (
				F4B40BED2583545000FD1967 /* main.cpp */,
			);
			path = Graph;
			sourceTree = "<group>";
		};
		F4B40C0F2583EF9100FD1967 /* Frameworks */ = {
			isa = PBXGroup;
			children = (
				F4B40C102583EF9100FD1967 /* Utilities.xcodeproj */,
			);
			name = Frameworks;
			sourceTree = "<group>";
		};
		F4B40C112583EF9100FD1967 /* Products */ = {
			isa = PBXGroup;
			children = (
				F4B40C152583EF9100FD1967 /* PracticeTest */,
			);
			name = Products;
			sourceTree = "<group>";
		};
		F4B40C192583F0C300FD1967 /* Products */ = {
			isa = PBXGroup;
			children = (
				F4B40C1D2583F0C300FD1967 /* LinkedList */,
			);
			name = Products;
			sourceTree = "<group>";
		};
/* End PBXGroup section */

/* Begin PBXNativeTarget section */
		F4B40BE92583545000FD1967 /* Graph */ = {
			isa = PBXNativeTarget;
			buildConfigurationList = F4B40BF12583545000FD1967 /* Build configuration list for PBXNativeTarget "Graph" */;
			buildPhases = (
				F4B40BE62583545000FD1967 /* Sources */,
				F4B40BE72583545000FD1967 /* Frameworks */,
				F4B40BE82583545000FD1967 /* CopyFiles */,
			);
			buildRules = (
			);
			dependencies = (
			);
			name = Graph;
			productName = Graph;
			productReference = F4B40BEA2583545000FD1967 /* Graph */;
			productType = "com.apple.product-type.tool";
		};
/* End PBXNativeTarget section */

/* Begin PBXProject section */
		F4B40BE22583545000FD1967 /* Project object */ = {
			isa = PBXProject;
			attributes = {
				LastUpgradeCheck = 1230;
				TargetAttributes = {
					F4B40BE92583545000FD1967 = {
						CreatedOnToolsVersion = 12.2;
					};
				};
			};
			buildConfigurationList = F4B40BE52583545000FD1967 /* Build configuration list for PBXProject "Graph" */;
			compatibilityVersion = "Xcode 9.3";
			developmentRegion = en;
			hasScannedForEncodings = 0;
			knownRegions = (
				en,
				Base,
			);
			mainGroup = F4B40BE12583545000FD1967;
			productRefGroup = F4B40BEB2583545000FD1967 /* Products */;
			projectDirPath = "";
			projectReferences = (
				{
					ProductGroup = F4B40C192583F0C300FD1967 /* Products */;
					ProjectRef = F4B40C182583F0C300FD1967 /* LinkedList.xcodeproj */;
				},
				{
					ProductGroup = F4B40C112583EF9100FD1967 /* Products */;
					ProjectRef = F4B40C102583EF9100FD1967 /* Utilities.xcodeproj */;
				},
			);
			projectRoot = "";
			targets = (
				F4B40BE92583545000FD1967 /* Graph */,
			);
		};
/* End PBXProject section */

/* Begin PBXReferenceProxy section */
		F4B40C152583EF9100FD1967 /* PracticeTest */ = {
			isa = PBXReferenceProxy;
			fileType = archive.ar;
			name = PracticeTest;
			path = libUtilities.a;
			remoteRef = F4B40C142583EF9100FD1967 /* PBXContainerItemProxy */;
			sourceTree = BUILT_PRODUCTS_DIR;
		};
		F4B40C1D2583F0C300FD1967 /* LinkedList */ = {
			isa = PBXReferenceProxy;
			fileType = "compiled.mach-o.executable";
			path = LinkedList;
			remoteRef = F4B40C1C2583F0C300FD1967 /* PBXContainerItemProxy */;
			sourceTree = BUILT_PRODUCTS_DIR;
		};
/* End PBXReferenceProxy section */

/* Begin PBXSourcesBuildPhase section */
		F4B40BE62583545000FD1967 /* Sources */ = {
			isa = PBXSourcesBuildPhase;
			buildActionMask = 2147483647;
			files = (
				F4B40BEE2583545000FD1967 /* main.cpp in Sources */,
			);
			runOnlyForDeploymentPostprocessing = 0;
		};
/* End PBXSourcesBuildPhase section */

/* Begin XCBuildConfiguration section */
		F4B40BEF2583545000FD1967 /* Debug */ = {
			isa = XCBuildConfiguration;
			buildSettings = {
				ALWAYS_SEARCH_USER_PATHS = NO;
				CLANG_ANALYZER_NONNULL = YES;
				CLANG_ANALYZER_NUMBER_OBJECT_CONVERSION = YES_AGGRESSIVE;
				CLANG_CXX_LANGUAGE_STANDARD = "gnu++14";
				CLANG_CXX_LIBRARY = "libc++";
				CLANG_ENABLE_MODULES = YES;
				CLANG_ENABLE_OBJC_ARC = YES;
				CLANG_ENABLE_OBJC_WEAK = YES;
				CLANG_WARN_BLOCK_CAPTURE_AUTORELEASING = YES;
				CLANG_WARN_BOOL_CONVERSION = YES;
				CLANG_WARN_COMMA = YES;
				CLANG_WARN_CONSTANT_CONVERSION = YES;
				CLANG_WARN_DEPRECATED_OBJC_IMPLEMENTATIONS = YES;
				CLANG_WARN_DIRECT_OBJC_ISA_USAGE = YES_ERROR;
				CLANG_WARN_DOCUMENTATION_COMMENTS = YES;
				CLANG_WARN_EMPTY_BODY = YES;
				CLANG_WARN_ENUM_CONVERSION = YES;
				CLANG_WARN_INFINITE_RECURSION = YES;
				CLANG_WARN_INT_CONVERSION = YES;
				CLANG_WARN_NON_LITERAL_NULL_CONVERSION = YES;
				CLANG_WARN_OBJC_IMPLICIT_RETAIN_SELF = YES;
				CLANG_WARN_OBJC_LITERAL_CONVERSION = YES;
				CLANG_WARN_OBJC_ROOT_CLASS = YES_ERROR;
				CLANG_WARN_QUOTED_INCLUDE_IN_FRAMEWORK_HEADER = YES;
				CLANG_WARN_RANGE_LOOP_ANALYSIS = YES;
				CLANG_WARN_STRICT_PROTOTYPES = YES;
				CLANG_WARN_SUSPICIOUS_MOVE = YES;
				CLANG_WARN_UNGUARDED_AVAILABILITY = YES_AGGRESSIVE;
				CLANG_WARN_UNREACHABLE_CODE = YES;
				CLANG_WARN__DUPLICATE_METHOD_MATCH = YES;
				COPY_PHASE_STRIP = NO;
				DEBUG_INFORMATION_FORMAT = dwarf;
				ENABLE_STRICT_OBJC_MSGSEND = YES;
				ENABLE_TESTABILITY = YES;
				GCC_C_LANGUAGE_STANDARD = gnu11;
				GCC_DYNAMIC_NO_PIC = NO;
				GCC_NO_COMMON_BLOCKS = YES;
				GCC_OPTIMIZATION_LEVEL = 0;
				GCC_PREPROCESSOR_DEFINITIONS = (
					"DEBUG=1",
					"$(inherited)",
				);
				GCC_WARN_64_TO_32_BIT_CONVERSION = YES;
				GCC_WARN_ABOUT_RETURN_TYPE = YES_ERROR;
				GCC_WARN_UNDECLARED_SELECTOR = YES;
				GCC_WARN_UNINITIALIZED_AUTOS = YES_AGGRESSIVE;
				GCC_WARN_UNUSED_FUNCTION = YES;
				GCC_WARN_UNUSED_VARIABLE = YES;
				"HEADER_SEARCH_PATHS[arch=*]" = "/Users/jyothyrajs/Documents/Programs/C++Programs";
				"LIBRARY_SEARCH_PATHS[arch=*]" = "/Users/jyothyrajs/Documents/Programs/C++Programs/Debug";
				MACOSX_DEPLOYMENT_TARGET = 10.15;
				MTL_ENABLE_DEBUG_INFO = INCLUDE_SOURCE;
				MTL_FAST_MATH = YES;
				ONLY_ACTIVE_ARCH = YES;
				"OTHER_LDFLAGS[arch=*]" = "-lUtilities";
				SDKROOT = macosx;
			};
			name = Debug;
		};
		F4B40BF02583545000FD1967 /* Release */ = {
			isa = XCBuildConfiguration;
			buildSettings = {
				ALWAYS_SEARCH_USER_PATHS = NO;
				CLANG_ANALYZER_NONNULL = YES;
				CLANG_ANALYZER_NUMBER_OBJECT_CONVERSION = YES_AGGRESSIVE;
				CLANG_CXX_LANGUAGE_STANDARD = "gnu++14";
				CLANG_CXX_LIBRARY = "libc++";
				CLANG_ENABLE_MODULES = YES;
				CLANG_ENABLE_OBJC_ARC = YES;
				CLANG_ENABLE_OBJC_WEAK = YES;
				CLANG_WARN_BLOCK_CAPTURE_AUTORELEASING = YES;
				CLANG_WARN_BOOL_CONVERSION = YES;
				CLANG_WARN_COMMA = YES;
				CLANG_WARN_CONSTANT_CONVERSION = YES;
				CLANG_WARN_DEPRECATED_OBJC_IMPLEMENTATIONS = YES;
				CLANG_WARN_DIRECT_OBJC_ISA_USAGE = YES_ERROR;
				CLANG_WARN_DOCUMENTATION_COMMENTS = YES;
				CLANG_WARN_EMPTY_BODY = YES;
				CLANG_WARN_ENUM_CONVERSION = YES;
				CLANG_WARN_INFINITE_RECURSION = YES;
				CLANG_WARN_INT_CONVERSION = YES;
				CLANG_WARN_NON_LITERAL_NULL_CONVERSION = YES;
				CLANG_WARN_OBJC_IMPLICIT_RETAIN_SELF = YES;
				CLANG_WARN_OBJC_LITERAL_CONVERSION = YES;
				CLANG_WARN_OBJC_ROOT_CLASS = YES_ERROR;
				CLANG_WARN_QUOTED_INCLUDE_IN_FRAMEWORK_HEADER = YES;
				CLANG_WARN_RANGE_LOOP_ANALYSIS = YES;
				CLANG_WARN_STRICT_PROTOTYPES = YES;
				CLANG_WARN_SUSPICIOUS_MOVE = YES;
				CLANG_WARN_UNGUARDED_AVAILABILITY = YES_AGGRESSIVE;
				CLANG_WARN_UNREACHABLE_CODE = YES;
				CLANG_WARN__DUPLICATE_METHOD_MATCH = YES;
				COPY_PHASE_STRIP = NO;
				DEBUG_INFORMATION_FORMAT = "dwarf-with-dsym";
				ENABLE_NS_ASSERTIONS = NO;
				ENABLE_STRICT_OBJC_MSGSEND = YES;
				GCC_C_LANGUAGE_STANDARD = gnu11;
				GCC_NO_COMMON_BLOCKS = YES;
				GCC_WARN_64_TO_32_BIT_CONVERSION = YES;
				GCC_WARN_ABOUT_RETURN_TYPE = YES_ERROR;
				GCC_WARN_UNDECLARED_SELECTOR = YES;
				GCC_WARN_UNINITIALIZED_AUTOS = YES_AGGRESSIVE;
				GCC_WARN_UNUSED_FUNCTION = YES;
				GCC_WARN_UNUSED_VARIABLE = YES;
				MACOSX_DEPLOYMENT_TARGET = 10.15;
				MTL_ENABLE_DEBUG_INFO = NO;
				MTL_FAST_MATH = YES;
				SDKROOT = macosx;
			};
			name = Release;
		};
		F4B40BF22583545000FD1967 /* Debug */ = {
			isa = XCBuildConfiguration;
			buildSettings = {
				CODE_SIGN_IDENTITY = "-";
				CODE_SIGN_STYLE = Automatic;
				"HEADER_SEARCH_PATHS[arch=*]" = "/Users/jyothyrajs/Documents/Programs/C++Programs";
				"LIBRARY_SEARCH_PATHS[arch=*]" = "/Users/jyothyrajs/Documents/Jyothy/Programs/C++Programs/Debug/";
				"OTHER_LDFLAGS[arch=*]" = "-lUtilities";
				PRODUCT_NAME = "$(TARGET_NAME)";
			};
			name = Debug;
		};
		F4B40BF32583545000FD1967 /* Release */ = {
			isa = XCBuildConfiguration;
			buildSettings = {
				CODE_SIGN_IDENTITY = "-";
				CODE_SIGN_STYLE = Automatic;
				PRODUCT_NAME = "$(TARGET_NAME)";
			};
			name = Release;
		};
/* End XCBuildConfiguration section */

/* Begin XCConfigurationList section */
		F4B40BE52583545000FD1967 /* Build configuration list for PBXProject "Graph" */ = {
			isa = XCConfigurationList;
			buildConfigurations = (
				F4B40BEF2583545000FD1967 /* Debug */,
				F4B40BF02583545000FD1967 /* Release */,
			);
			defaultConfigurationIsVisible = 0;
			defaultConfigurationName = Release;
		};
		F4B40BF12583545000FD1967 /* Build configuration list for PBXNativeTarget "Graph" */ = {
			isa = XCConfigurationList;
			buildConfigurations = (
				F4B40BF22583545000FD1967 /* Debug */,
				F4B40BF32583545000FD1967 /* Release */,
			);
			defaultConfigurationIsVisible = 0;
			defaultConfigurationName = Release;
		};
/* End XCConfigurationList section */
	};
	rootObject = F4B40BE22583545000FD1967 /* Project object */;
}
